{"version":4,"terraform_version":"1.11.4","serial":2,"lineage":"1ede9faf-abb4-fb1c-0a9f-908ff8de25a0","outputs":{},"resources":[{"mode":"managed","type":"aws_s3_bucket","name":"terraform_state","provider":"provider[\"registry.opentofu.org/hashicorp/aws\"]","instances":[{"schema_version":0,"attributes":{"acceleration_status":"","acl":null,"arn":"arn:aws:s3:::resource-request-state","bucket":"resource-request-state","bucket_domain_name":"resource-request-state.s3.amazonaws.com","bucket_namespace":"global","bucket_prefix":"","bucket_region":"ap-southeast-7","bucket_regional_domain_name":"resource-request-state.s3.ap-southeast-7.amazonaws.com","cors_rule":[],"force_destroy":false,"grant":[{"id":"60b0ceed460e13d87dc28387d9dfd0df3a2966032fe86ecdf5ac2ebcaa53a5fb","permissions":["FULL_CONTROL"],"type":"CanonicalUser","uri":""}],"hosted_zone_id":"Z0031014GXUMRZG6I14G","id":"resource-request-state","lifecycle_rule":[],"logging":[],"object_lock_configuration":[],"object_lock_enabled":false,"policy":"","region":"ap-southeast-7","replication_configuration":[],"request_payer":"BucketOwner","server_side_encryption_configuration":[{"rule":[{"apply_server_side_encryption_by_default":[{"kms_master_key_id":"","sse_algorithm":"AES256"}],"bucket_key_enabled":false}]}],"tags":null,"tags_all":{},"timeouts":null,"versioning":[{"enabled":false,"mfa_delete":false}],"website":[],"website_domain":null,"website_endpoint":null},"sensitive_attributes":[],"private":"eyJlMmJmYjczMC1lY2FhLTExZTYtOGY4OC0zNDM2M2JjN2M0YzAiOnsiY3JlYXRlIjoxMjAwMDAwMDAwMDAwLCJkZWxldGUiOjM2MDAwMDAwMDAwMDAsInJlYWQiOjEyMDAwMDAwMDAwMDAsInVwZGF0ZSI6MTIwMDAwMDAwMDAwMH19"}]}],"check_results":null}
