{"version":4,"terraform_version":"1.11.4","serial":14,"lineage":"8dbfc816-bacd-939e-c223-209716575bc4","outputs":{"create_queue_arn":{"value":"arn:aws:sqs:ap-southeast-2:414776912688:resource-request-create","type":"string"},"event_topic_arn":{"value":"arn:aws:sns:ap-southeast-2:414776912688:resource-request-event","type":"string"},"to_prioritize_topic_arm":{"value":"arn:aws:sns:ap-southeast-2:414776912688:to-prioritize-service","type":"string"},"topic_arn":{"value":"arn:aws:sns:ap-southeast-2:414776912688:resource-request","type":"string"}},"resources":[{"mode":"managed","type":"aws_s3_bucket","name":"terraform_state","provider":"provider[\"registry.opentofu.org/hashicorp/aws\"]","instances":[{"schema_version":0,"attributes":{"acceleration_status":"","acl":null,"arn":"arn:aws:s3:::resource-request-tf-state","bucket":"resource-request-tf-state","bucket_domain_name":"resource-request-tf-state.s3.amazonaws.com","bucket_namespace":"global","bucket_prefix":"","bucket_region":"ap-southeast-2","bucket_regional_domain_name":"resource-request-tf-state.s3.ap-southeast-2.amazonaws.com","cors_rule":[],"force_destroy":false,"grant":[{"id":"60b0ceed460e13d87dc28387d9dfd0df3a2966032fe86ecdf5ac2ebcaa53a5fb","permissions":["FULL_CONTROL"],"type":"CanonicalUser","uri":""}],"hosted_zone_id":"Z1WCIGYICN2BYD","id":"resource-request-tf-state","lifecycle_rule":[],"logging":[],"object_lock_configuration":[],"object_lock_enabled":false,"policy":"","region":"ap-southeast-2","replication_configuration":[],"request_payer":"BucketOwner","server_side_encryption_configuration":[{"rule":[{"apply_server_side_encryption_by_default":[{"kms_master_key_id":"","sse_algorithm":"AES256"}],"bucket_key_enabled":false}]}],"tags":{},"tags_all":{},"timeouts":null,"versioning":[{"enabled":false,"mfa_delete":false}],"website":[],"website_domain":null,"website_endpoint":null},"sensitive_attributes":[],"private":"eyJlMmJmYjczMC1lY2FhLTExZTYtOGY4OC0zNDM2M2JjN2M0YzAiOnsiY3JlYXRlIjoxMjAwMDAwMDAwMDAwLCJkZWxldGUiOjM2MDAwMDAwMDAwMDAsInJlYWQiOjEyMDAwMDAwMDAwMDAsInVwZGF0ZSI6MTIwMDAwMDAwMDAwMH19"}]},{"module":"module.ecr","mode":"managed","type":"aws_ecr_repository","name":"resource-request-inserter-repo","provider":"provider[\"registry.opentofu.org/hashicorp/aws\"]","instances":[{"schema_version":0,"attributes":{"arn":"arn:aws:ecr:ap-southeast-2:414776912688:repository/resource-request-inserter-repo","encryption_configuration":[{"encryption_type":"AES256","kms_key":""}],"force_delete":null,"id":"resource-request-inserter-repo","image_scanning_configuration":[{"scan_on_push":true}],"image_tag_mutability":"MUTABLE","image_tag_mutability_exclusion_filter":[],"name":"resource-request-inserter-repo","region":"ap-southeast-2","registry_id":"414776912688","repository_url":"414776912688.dkr.ecr.ap-southeast-2.amazonaws.com/resource-request-inserter-repo","tags":{},"tags_all":{},"timeouts":null},"sensitive_attributes":[],"private":"eyJlMmJmYjczMC1lY2FhLTExZTYtOGY4OC0zNDM2M2JjN2M0YzAiOnsiZGVsZXRlIjoxMjAwMDAwMDAwMDAwfSwic2NoZW1hX3ZlcnNpb24iOiIwIn0="}]},{"module":"module.lambda","mode":"managed","type":"aws_iam_role","name":"resource_request_lambda_role","provider":"provider[\"registry.opentofu.org/hashicorp/aws\"]","instances":[{"schema_version":0,"attributes":{"arn":"arn:aws:iam::414776912688:role/resource_request_lambda_role","assume_role_policy":"{\"Statement\":[{\"Action\":\"sts:AssumeRole\",\"Effect\":\"Allow\",\"Principal\":{\"Service\":\"lambda.amazonaws.com\"}}],\"Version\":\"2012-10-17\"}","create_date":"2026-04-28T04:31:30Z","description":"","force_detach_policies":false,"id":"resource_request_lambda_role","inline_policy":[{"name":"resource_request_lambda_permissions","policy":"{\"Version\":\"2012-10-17\",\"Statement\":[{\"Action\":\"sns:Publish\",\"Effect\":\"Allow\",\"Resource\":[\"arn:aws:sns:ap-southeast-2:414776912688:resource-request\",\"arn:aws:sns:ap-southeast-2:414776912688:resource-request-event\",\"arn:aws:sns:ap-southeast-2:414776912688:to-prioritize-service\"]},{\"Action\":[\"sqs:ReceiveMessage\",\"sqs:DeleteMessage\",\"sqs:GetQueueAttributes\"],\"Effect\":\"Allow\",\"Resource\":\"arn:aws:sqs:ap-southeast-2:414776912688:resource-request-create\"}]}"}],"managed_policy_arns":[],"max_session_duration":3600,"name":"resource_request_lambda_role","name_prefix":"","path":"/","permissions_boundary":"","tags":{},"tags_all":{},"unique_id":"AROAWBEVBNMYOV7AJCDJK"},"sensitive_attributes":[],"private":"eyJzY2hlbWFfdmVyc2lvbiI6IjAifQ=="}]},{"module":"module.lambda","mode":"managed","type":"aws_iam_role_policy","name":"resource_request_lambda_permissions","provider":"provider[\"registry.opentofu.org/hashicorp/aws\"]","instances":[{"schema_version":0,"attributes":{"id":"resource_request_lambda_role:resource_request_lambda_permissions","name":"resource_request_lambda_permissions","name_prefix":"","policy":"{\"Version\":\"2012-10-17\",\"Statement\":[{\"Action\":\"sns:Publish\",\"Effect\":\"Allow\",\"Resource\":[\"arn:aws:sns:ap-southeast-2:414776912688:resource-request\",\"arn:aws:sns:ap-southeast-2:414776912688:resource-request-event\",\"arn:aws:sns:ap-southeast-2:414776912688:to-prioritize-service\"]},{\"Action\":[\"sqs:ReceiveMessage\",\"sqs:DeleteMessage\",\"sqs:GetQueueAttributes\"],\"Effect\":\"Allow\",\"Resource\":\"arn:aws:sqs:ap-southeast-2:414776912688:resource-request-create\"}]}","role":"resource_request_lambda_role"},"sensitive_attributes":[],"private":"bnVsbA==","dependencies":["module.lambda.aws_iam_role.resource_request_lambda_role","module.pubsub.aws_sns_topic.event_topic","module.pubsub.aws_sns_topic.main","module.pubsub.aws_sns_topic.to_prioritize_topic","module.pubsub.aws_sqs_queue.create_queue"]}]},{"module":"module.lambda","mode":"managed","type":"aws_lambda_event_source_mapping","name":"sqs","provider":"provider[\"registry.opentofu.org/hashicorp/aws\"]","instances":[{"schema_version":0,"attributes":{"amazon_managed_kafka_event_source_config":[],"arn":"arn:aws:lambda:ap-southeast-2:414776912688:event-source-mapping:371d0173-cb7b-4c6b-aa40-844ad1820323","batch_size":10,"bisect_batch_on_function_error":false,"destination_config":[],"document_db_event_source_config":[],"enabled":true,"event_source_arn":"arn:aws:sqs:ap-southeast-2:414776912688:resource-request-create","filter_criteria":[],"function_arn":"arn:aws:lambda:ap-southeast-2:414776912688:function:resource-request-inserter","function_name":"arn:aws:lambda:ap-southeast-2:414776912688:function:resource-request-inserter","function_response_types":[],"id":"371d0173-cb7b-4c6b-aa40-844ad1820323","kms_key_arn":"","last_modified":"2026-04-28T05:02:18Z","last_processing_result":"","maximum_batching_window_in_seconds":0,"maximum_record_age_in_seconds":0,"maximum_retry_attempts":0,"metrics_config":[],"parallelization_factor":0,"provisioned_poller_config":[],"queues":[],"region":"ap-southeast-2","scaling_config":[],"self_managed_event_source":[],"self_managed_kafka_event_source_config":[],"source_access_configuration":[],"starting_position":"","starting_position_timestamp":"","state":"Enabled","state_transition_reason":"USER_INITIATED","tags":{},"tags_all":{},"topics":[],"tumbling_window_in_seconds":0,"uuid":"371d0173-cb7b-4c6b-aa40-844ad1820323"},"sensitive_attributes":[],"private":"bnVsbA==","dependencies":["module.ecr.aws_ecr_repository.resource-request-inserter-repo","module.lambda.aws_iam_role.resource_request_lambda_role","module.lambda.aws_lambda_function.insert_request_to_db_fn","module.pubsub.aws_sns_topic.event_topic","module.pubsub.aws_sns_topic.to_prioritize_topic","module.pubsub.aws_sqs_queue.create_queue"]}]},{"module":"module.lambda","mode":"managed","type":"aws_lambda_function","name":"insert_request_to_db_fn","provider":"provider[\"registry.opentofu.org/hashicorp/aws\"]","instances":[{"schema_version":0,"attributes":{"architectures":["x86_64"],"arn":"arn:aws:lambda:ap-southeast-2:414776912688:function:resource-request-inserter","capacity_provider_config":[],"code_sha256":"51b403906e1f477419c73518d88b3dfed5fa96a312810ebccfaa8686babde671","code_signing_config_arn":"","dead_letter_config":[],"description":"","durable_config":[],"environment":[{"variables":{"DB_DATABASE":"postgres","DB_HOST":"5.78.202.146","DB_PASSWORD":"7WVzlIkJMpMmpHWxdbKXtF8xkYHPLWTbcLOMkFsJ5bGfyEAU66ZI4IXeGO4FvWRd","DB_PORT":"5433","DB_USER":"postgres","EVENT_SNS_TOPIC_ARN":"arn:aws:sns:ap-southeast-2:414776912688:resource-request-event","PRIORITIZATION_TOPIC_ARN":"arn:aws:sns:ap-southeast-2:414776912688:to-prioritize-service"}}],"ephemeral_storage":[{"size":512}],"file_system_config":[],"filename":null,"function_name":"resource-request-inserter","handler":"","id":"resource-request-inserter","image_config":[],"image_uri":"414776912688.dkr.ecr.ap-southeast-2.amazonaws.com/resource-request-inserter-repo:latest","invoke_arn":"arn:aws:apigateway:ap-southeast-2:lambda:path/2015-03-31/functions/arn:aws:lambda:ap-southeast-2:414776912688:function:resource-request-inserter/invocations","kms_key_arn":"","last_modified":"2026-04-28T05:02:07.704+0000","layers":[],"logging_config":[{"application_log_level":"","log_format":"Text","log_group":"/aws/lambda/resource-request-inserter","system_log_level":""}],"memory_size":128,"package_type":"Image","publish":false,"publish_to":null,"qualified_arn":"arn:aws:lambda:ap-southeast-2:414776912688:function:resource-request-inserter:$LATEST","qualified_invoke_arn":"arn:aws:apigateway:ap-southeast-2:lambda:path/2015-03-31/functions/arn:aws:lambda:ap-southeast-2:414776912688:function:resource-request-inserter:$LATEST/invocations","region":"ap-southeast-2","replace_security_groups_on_destroy":null,"replacement_security_group_ids":null,"reserved_concurrent_executions":-1,"response_streaming_invoke_arn":"arn:aws:apigateway:ap-southeast-2:lambda:path/2021-11-15/functions/arn:aws:lambda:ap-southeast-2:414776912688:function:resource-request-inserter/response-streaming-invocations","role":"arn:aws:iam::414776912688:role/resource_request_lambda_role","runtime":"","s3_bucket":null,"s3_key":null,"s3_object_version":null,"signing_job_arn":"","signing_profile_version_arn":"","skip_destroy":false,"snap_start":[],"source_code_hash":"","source_code_size":0,"source_kms_key_arn":"","tags":{},"tags_all":{},"tenancy_config":[],"timeout":15,"timeouts":null,"tracing_config":[{"mode":"PassThrough"}],"version":"$LATEST","vpc_config":[]},"sensitive_attributes":[[{"type":"get_attr","value":"environment"},{"type":"index","value":{"value":0,"type":"number"}},{"type":"get_attr","value":"variables"},{"type":"index","value":{"value":"DB_PASSWORD","type":"string"}}]],"private":"eyJlMmJmYjczMC1lY2FhLTExZTYtOGY4OC0zNDM2M2JjN2M0YzAiOnsiY3JlYXRlIjo2MDAwMDAwMDAwMDAsImRlbGV0ZSI6NjAwMDAwMDAwMDAwLCJ1cGRhdGUiOjYwMDAwMDAwMDAwMH19","dependencies":["module.ecr.aws_ecr_repository.resource-request-inserter-repo","module.lambda.aws_iam_role.resource_request_lambda_role","module.pubsub.aws_sns_topic.event_topic","module.pubsub.aws_sns_topic.to_prioritize_topic"]}]},{"module":"module.pubsub","mode":"managed","type":"aws_sns_topic","name":"event_topic","provider":"provider[\"registry.opentofu.org/hashicorp/aws\"]","instances":[{"schema_version":0,"attributes":{"application_failure_feedback_role_arn":"","application_success_feedback_role_arn":"","application_success_feedback_sample_rate":0,"archive_policy":"","arn":"arn:aws:sns:ap-southeast-2:414776912688:resource-request-event","beginning_archive_time":"","content_based_deduplication":false,"delivery_policy":"","display_name":"","fifo_throughput_scope":"","fifo_topic":false,"firehose_failure_feedback_role_arn":"","firehose_success_feedback_role_arn":"","firehose_success_feedback_sample_rate":0,"http_failure_feedback_role_arn":"","http_success_feedback_role_arn":"","http_success_feedback_sample_rate":0,"id":"arn:aws:sns:ap-southeast-2:414776912688:resource-request-event","kms_master_key_id":"","lambda_failure_feedback_role_arn":"","lambda_success_feedback_role_arn":"","lambda_success_feedback_sample_rate":0,"name":"resource-request-event","name_prefix":"","owner":"414776912688","policy":"{\"Id\":\"__default_policy_ID\",\"Statement\":[{\"Action\":[\"SNS:GetTopicAttributes\",\"SNS:SetTopicAttributes\",\"SNS:AddPermission\",\"SNS:RemovePermission\",\"SNS:DeleteTopic\",\"SNS:Subscribe\",\"SNS:ListSubscriptionsByTopic\",\"SNS:Publish\"],\"Condition\":{\"StringEquals\":{\"AWS:SourceOwner\":\"414776912688\"}},\"Effect\":\"Allow\",\"Principal\":{\"AWS\":\"*\"},\"Resource\":\"arn:aws:sns:ap-southeast-2:414776912688:resource-request-event\",\"Sid\":\"__default_statement_ID\"}],\"Version\":\"2008-10-17\"}","region":"ap-southeast-2","signature_version":0,"sqs_failure_feedback_role_arn":"","sqs_success_feedback_role_arn":"","sqs_success_feedback_sample_rate":0,"tags":{},"tags_all":{},"tracing_config":""},"sensitive_attributes":[],"private":"bnVsbA=="}]},{"module":"module.pubsub","mode":"managed","type":"aws_sns_topic","name":"main","provider":"provider[\"registry.opentofu.org/hashicorp/aws\"]","instances":[{"schema_version":0,"attributes":{"application_failure_feedback_role_arn":"","application_success_feedback_role_arn":"","application_success_feedback_sample_rate":0,"archive_policy":"","arn":"arn:aws:sns:ap-southeast-2:414776912688:resource-request","beginning_archive_time":"","content_based_deduplication":false,"delivery_policy":"","display_name":"","fifo_throughput_scope":"","fifo_topic":false,"firehose_failure_feedback_role_arn":"","firehose_success_feedback_role_arn":"","firehose_success_feedback_sample_rate":0,"http_failure_feedback_role_arn":"","http_success_feedback_role_arn":"","http_success_feedback_sample_rate":0,"id":"arn:aws:sns:ap-southeast-2:414776912688:resource-request","kms_master_key_id":"","lambda_failure_feedback_role_arn":"","lambda_success_feedback_role_arn":"","lambda_success_feedback_sample_rate":0,"name":"resource-request","name_prefix":"","owner":"414776912688","policy":"{\"Id\":\"__default_policy_ID\",\"Statement\":[{\"Action\":[\"SNS:GetTopicAttributes\",\"SNS:SetTopicAttributes\",\"SNS:AddPermission\",\"SNS:RemovePermission\",\"SNS:DeleteTopic\",\"SNS:Subscribe\",\"SNS:ListSubscriptionsByTopic\",\"SNS:Publish\"],\"Condition\":{\"StringEquals\":{\"AWS:SourceOwner\":\"414776912688\"}},\"Effect\":\"Allow\",\"Principal\":{\"AWS\":\"*\"},\"Resource\":\"arn:aws:sns:ap-southeast-2:414776912688:resource-request\",\"Sid\":\"__default_statement_ID\"}],\"Version\":\"2008-10-17\"}","region":"ap-southeast-2","signature_version":0,"sqs_failure_feedback_role_arn":"","sqs_success_feedback_role_arn":"","sqs_success_feedback_sample_rate":0,"tags":{},"tags_all":{},"tracing_config":""},"sensitive_attributes":[],"private":"bnVsbA=="}]},{"module":"module.pubsub","mode":"managed","type":"aws_sns_topic","name":"to_prioritize_topic","provider":"provider[\"registry.opentofu.org/hashicorp/aws\"]","instances":[{"schema_version":0,"attributes":{"application_failure_feedback_role_arn":"","application_success_feedback_role_arn":"","application_success_feedback_sample_rate":0,"archive_policy":"","arn":"arn:aws:sns:ap-southeast-2:414776912688:to-prioritize-service","beginning_archive_time":"","content_based_deduplication":false,"delivery_policy":"","display_name":"","fifo_throughput_scope":"","fifo_topic":false,"firehose_failure_feedback_role_arn":"","firehose_success_feedback_role_arn":"","firehose_success_feedback_sample_rate":0,"http_failure_feedback_role_arn":"","http_success_feedback_role_arn":"","http_success_feedback_sample_rate":0,"id":"arn:aws:sns:ap-southeast-2:414776912688:to-prioritize-service","kms_master_key_id":"","lambda_failure_feedback_role_arn":"","lambda_success_feedback_role_arn":"","lambda_success_feedback_sample_rate":0,"name":"to-prioritize-service","name_prefix":"","owner":"414776912688","policy":"{\"Statement\":[{\"Action\":[\"SNS:Subscribe\",\"SNS:Publish\",\"SNS:Receive\"],\"Condition\":{\"StringEquals\":{\"AWS:SourceOwner\":\"414776912688\"}},\"Effect\":\"Allow\",\"Principal\":{\"AWS\":\"*\"},\"Resource\":\"arn:aws:sns:ap-southeast-2:414776912688:to-prioritize-service\",\"Sid\":\"AllowOwnerFullAccess\"},{\"Action\":[\"SNS:Subscribe\",\"SNS:Receive\"],\"Effect\":\"Allow\",\"Principal\":{\"AWS\":\"arn:aws:iam::955468203539:root\"},\"Resource\":\"arn:aws:sns:ap-southeast-2:414776912688:to-prioritize-service\",\"Sid\":\"AllowExternalSubscribe\"}],\"Version\":\"2012-10-17\"}","region":"ap-southeast-2","signature_version":0,"sqs_failure_feedback_role_arn":"","sqs_success_feedback_role_arn":"","sqs_success_feedback_sample_rate":0,"tags":{},"tags_all":{},"tracing_config":""},"sensitive_attributes":[],"private":"bnVsbA=="}]},{"module":"module.pubsub","mode":"managed","type":"aws_sns_topic_policy","name":"prioritize_policy","provider":"provider[\"registry.opentofu.org/hashicorp/aws\"]","instances":[{"schema_version":0,"attributes":{"arn":"arn:aws:sns:ap-southeast-2:414776912688:to-prioritize-service","id":"arn:aws:sns:ap-southeast-2:414776912688:to-prioritize-service","owner":"414776912688","policy":"{\"Statement\":[{\"Action\":[\"SNS:Subscribe\",\"SNS:Publish\",\"SNS:Receive\"],\"Condition\":{\"StringEquals\":{\"AWS:SourceOwner\":\"414776912688\"}},\"Effect\":\"Allow\",\"Principal\":{\"AWS\":\"*\"},\"Resource\":\"arn:aws:sns:ap-southeast-2:414776912688:to-prioritize-service\",\"Sid\":\"AllowOwnerFullAccess\"},{\"Action\":[\"SNS:Subscribe\",\"SNS:Receive\"],\"Effect\":\"Allow\",\"Principal\":{\"AWS\":[\"arn:aws:iam::955468203539:root\"]},\"Resource\":\"arn:aws:sns:ap-southeast-2:414776912688:to-prioritize-service\",\"Sid\":\"AllowExternalSubscribe\"}],\"Version\":\"2012-10-17\"}","region":"ap-southeast-2"},"sensitive_attributes":[],"private":"bnVsbA==","dependencies":["module.pubsub.aws_sns_topic.to_prioritize_topic"]}]},{"module":"module.pubsub","mode":"managed","type":"aws_sns_topic_subscription","name":"create_queue_sub","provider":"provider[\"registry.opentofu.org/hashicorp/aws\"]","instances":[{"schema_version":0,"attributes":{"arn":"arn:aws:sns:ap-southeast-2:414776912688:resource-request:10e8c3e6-c277-4d89-a324-78a4cc153197","confirmation_timeout_in_minutes":1,"confirmation_was_authenticated":true,"delivery_policy":"","endpoint":"arn:aws:sqs:ap-southeast-2:414776912688:resource-request-create","endpoint_auto_confirms":false,"filter_policy":"","filter_policy_scope":"","id":"arn:aws:sns:ap-southeast-2:414776912688:resource-request:10e8c3e6-c277-4d89-a324-78a4cc153197","owner_id":"414776912688","pending_confirmation":false,"protocol":"sqs","raw_message_delivery":false,"redrive_policy":"","region":"ap-southeast-2","replay_policy":"","subscription_role_arn":"","topic_arn":"arn:aws:sns:ap-southeast-2:414776912688:resource-request"},"sensitive_attributes":[],"private":"bnVsbA==","dependencies":["module.pubsub.aws_sns_topic.main","module.pubsub.aws_sqs_queue.create_queue","module.pubsub.aws_sqs_queue_policy.allow_sns"]}]},{"module":"module.pubsub","mode":"managed","type":"aws_sqs_queue","name":"create_queue","provider":"provider[\"registry.opentofu.org/hashicorp/aws\"]","instances":[{"schema_version":0,"attributes":{"arn":"arn:aws:sqs:ap-southeast-2:414776912688:resource-request-create","content_based_deduplication":false,"deduplication_scope":"","delay_seconds":0,"fifo_queue":false,"fifo_throughput_limit":"","id":"https://sqs.ap-southeast-2.amazonaws.com/414776912688/resource-request-create","kms_data_key_reuse_period_seconds":300,"kms_master_key_id":"","max_message_size":262144,"message_retention_seconds":345600,"name":"resource-request-create","name_prefix":"","policy":"{\"Statement\":[{\"Action\":\"sqs:SendMessage\",\"Condition\":{\"ArnEquals\":{\"aws:SourceArn\":\"arn:aws:sns:ap-southeast-2:414776912688:resource-request\"}},\"Effect\":\"Allow\",\"Principal\":{\"Service\":\"sns.amazonaws.com\"},\"Resource\":\"arn:aws:sqs:ap-southeast-2:414776912688:resource-request-create\"}],\"Version\":\"2012-10-17\"}","receive_wait_time_seconds":0,"redrive_allow_policy":"","redrive_policy":"","region":"ap-southeast-2","sqs_managed_sse_enabled":true,"tags":{},"tags_all":{},"timeouts":null,"url":"https://sqs.ap-southeast-2.amazonaws.com/414776912688/resource-request-create","visibility_timeout_seconds":30},"sensitive_attributes":[],"private":"eyJlMmJmYjczMC1lY2FhLTExZTYtOGY4OC0zNDM2M2JjN2M0YzAiOnsiY3JlYXRlIjoxODAwMDAwMDAwMDAsImRlbGV0ZSI6MTgwMDAwMDAwMDAwLCJ1cGRhdGUiOjE4MDAwMDAwMDAwMH19"}]},{"module":"module.pubsub","mode":"managed","type":"aws_sqs_queue","name":"prioritization_event_queue","provider":"provider[\"registry.opentofu.org/hashicorp/aws\"]","instances":[{"schema_version":0,"attributes":{"arn":"arn:aws:sqs:ap-southeast-2:414776912688:resource-request-consume-prioritization-events","content_based_deduplication":false,"deduplication_scope":"","delay_seconds":0,"fifo_queue":false,"fifo_throughput_limit":"","id":"https://sqs.ap-southeast-2.amazonaws.com/414776912688/resource-request-consume-prioritization-events","kms_data_key_reuse_period_seconds":300,"kms_master_key_id":"","max_message_size":262144,"message_retention_seconds":345600,"name":"resource-request-consume-prioritization-events","name_prefix":"","policy":"{\"Statement\":[{\"Action\":\"sqs:SendMessage\",\"Condition\":{\"ArnEquals\":{\"aws:SourceArn\":\"arn:aws:sns:us-east-1:955468203539:rescue-prioritization-events-v1\"}},\"Effect\":\"Allow\",\"Principal\":{\"Service\":\"sns.amazonaws.com\"},\"Resource\":\"arn:aws:sqs:ap-southeast-2:414776912688:resource-request-consume-prioritization-events\"}],\"Version\":\"2012-10-17\"}","receive_wait_time_seconds":0,"redrive_allow_policy":"","redrive_policy":"","region":"ap-southeast-2","sqs_managed_sse_enabled":true,"tags":{},"tags_all":{},"timeouts":null,"url":"https://sqs.ap-southeast-2.amazonaws.com/414776912688/resource-request-consume-prioritization-events","visibility_timeout_seconds":30},"sensitive_attributes":[],"private":"eyJlMmJmYjczMC1lY2FhLTExZTYtOGY4OC0zNDM2M2JjN2M0YzAiOnsiY3JlYXRlIjoxODAwMDAwMDAwMDAsImRlbGV0ZSI6MTgwMDAwMDAwMDAwLCJ1cGRhdGUiOjE4MDAwMDAwMDAwMH19"}]},{"module":"module.pubsub","mode":"managed","type":"aws_sqs_queue_policy","name":"allow_sns","provider":"provider[\"registry.opentofu.org/hashicorp/aws\"]","instances":[{"schema_version":1,"attributes":{"id":"https://sqs.ap-southeast-2.amazonaws.com/414776912688/resource-request-create","policy":"{\"Statement\":[{\"Action\":\"sqs:SendMessage\",\"Condition\":{\"ArnEquals\":{\"aws:SourceArn\":\"arn:aws:sns:ap-southeast-2:414776912688:resource-request\"}},\"Effect\":\"Allow\",\"Principal\":{\"Service\":\"sns.amazonaws.com\"},\"Resource\":\"arn:aws:sqs:ap-southeast-2:414776912688:resource-request-create\"}],\"Version\":\"2012-10-17\"}","queue_url":"https://sqs.ap-southeast-2.amazonaws.com/414776912688/resource-request-create","region":"ap-southeast-2"},"sensitive_attributes":[],"private":"eyJzY2hlbWFfdmVyc2lvbiI6IjEifQ==","dependencies":["module.pubsub.aws_sns_topic.main","module.pubsub.aws_sqs_queue.create_queue"]}]},{"module":"module.pubsub","mode":"managed","type":"aws_sqs_queue_policy","name":"prioritization_event_allow_sns","provider":"provider[\"registry.opentofu.org/hashicorp/aws\"]","instances":[{"schema_version":1,"attributes":{"id":"https://sqs.ap-southeast-2.amazonaws.com/414776912688/resource-request-consume-prioritization-events","policy":"{\"Statement\":[{\"Action\":\"sqs:SendMessage\",\"Condition\":{\"ArnEquals\":{\"aws:SourceArn\":\"arn:aws:sns:us-east-1:955468203539:rescue-prioritization-events-v1\"}},\"Effect\":\"Allow\",\"Principal\":{\"Service\":\"sns.amazonaws.com\"},\"Resource\":\"arn:aws:sqs:ap-southeast-2:414776912688:resource-request-consume-prioritization-events\"}],\"Version\":\"2012-10-17\"}","queue_url":"https://sqs.ap-southeast-2.amazonaws.com/414776912688/resource-request-consume-prioritization-events","region":"ap-southeast-2"},"sensitive_attributes":[],"private":"eyJzY2hlbWFfdmVyc2lvbiI6IjEifQ==","dependencies":["module.pubsub.aws_sqs_queue.prioritization_event_queue"]}]}],"check_results":null}
